
Microsoft Visual Studio Solution File, Format Version 12.00
Project("{FAE04EC0-301F-11D3-BF4B-00C04F79EFBC}") = "TypeSharper", "TypeSharper\TypeSharper\TypeSharper.csproj", "{CAB5EFB2-5E76-4B04-AF0F-7255848DA182}"
EndProject
Project("{FAE04EC0-301F-11D3-BF4B-00C04F79EFBC}") = "TypeSharper.Sample", "TypeSharper\TypeSharper.Sample\TypeSharper.Sample.csproj", "{EE0E6585-B520-4F6B-9B23-5FFF83D02CC2}"
EndProject
Project("{FAE04EC0-301F-11D3-BF4B-00C04F79EFBC}") = "TypeSharper.Tests", "TypeSharper\TypeSharper.Tests\TypeSharper.Tests.csproj", "{AC3A0DBD-4335-41D1-8DC8-5291DEC35A05}"
EndProject
Global
	GlobalSection(SolutionConfigurationPlatforms) = preSolution
		Debug|Any CPU = Debug|Any CPU
		Release|Any CPU = Release|Any CPU
	EndGlobalSection
	GlobalSection(ProjectConfigurationPlatforms) = postSolution
		{CAB5EFB2-5E76-4B04-AF0F-7255848DA182}.Debug|Any CPU.ActiveCfg = Debug|Any CPU
		{CAB5EFB2-5E76-4B04-AF0F-7255848DA182}.Debug|Any CPU.Build.0 = Debug|Any CPU
		{CAB5EFB2-5E76-4B04-AF0F-7255848DA182}.Release|Any CPU.ActiveCfg = Release|Any CPU
		{CAB5EFB2-5E76-4B04-AF0F-7255848DA182}.Release|Any CPU.Build.0 = Release|Any CPU
		{EE0E6585-B520-4F6B-9B23-5FFF83D02CC2}.Debug|Any CPU.ActiveCfg = Debug|Any CPU
		{EE0E6585-B520-4F6B-9B23-5FFF83D02CC2}.Debug|Any CPU.Build.0 = Debug|Any CPU
		{EE0E6585-B520-4F6B-9B23-5FFF83D02CC2}.Release|Any CPU.ActiveCfg = Release|Any CPU
		{EE0E6585-B520-4F6B-9B23-5FFF83D02CC2}.Release|Any CPU.Build.0 = Release|Any CPU
		{AC3A0DBD-4335-41D1-8DC8-5291DEC35A05}.Debug|Any CPU.ActiveCfg = Debug|Any CPU
		{AC3A0DBD-4335-41D1-8DC8-5291DEC35A05}.Debug|Any CPU.Build.0 = Debug|Any CPU
		{AC3A0DBD-4335-41D1-8DC8-5291DEC35A05}.Release|Any CPU.ActiveCfg = Release|Any CPU
		{AC3A0DBD-4335-41D1-8DC8-5291DEC35A05}.Release|Any CPU.Build.0 = Release|Any CPU
	EndGlobalSection
EndGlobal
